{
  "requires": true,
  "lockfileVersion": 1,
  "dependencies": {
    "@popperjs/core": {
      "version": "2.9.3",
      "resolved": "https://registry.npmjs.org/@popperjs/core/-/core-2.9.3.tgz",
      "integrity": "sha512-xDu17cEfh7Kid/d95kB6tZsLOmSWKCZKtprnhVepjsSaCij+lM3mItSJDuuHDMbCWTh8Ejmebwb+KONcCJ0eXQ=="
    },
    "particlesjs": {
      "version": "2.2.3",
      "resolved": "https://registry.npmjs.org/particlesjs/-/particlesjs-2.2.3.tgz",
      "integrity": "sha512-f0rL80Agqdsrnv/uhlLewv+LMdiXHu9MYPzMv0ZLPM06nLx3zmAXMH882fxqO6Uzb91csli8WlWaYd2XPN0d/Q=="
    },
    "tippy.js": {
      "version": "6.3.1",
      "resolved": "https://registry.npmjs.org/tippy.js/-/tippy.js-6.3.1.tgz",
      "integrity": "sha512-JnFncCq+rF1dTURupoJ4yPie5Cof978inW6/4S6kmWV7LL9YOSEVMifED3KdrVPEG+Z/TFH2CDNJcQEfaeuQww==",
      "requires": {
        "@popperjs/core": "^2.8.3"
      }
    }
  }
}
